
Microsoft Visual Studio Solution File, Format Version 12.00
# Visual Studio Version 16
VisualStudioVersion = 16.0.31424.327
MinimumVisualStudioVersion = 10.0.40219.1
Project("{FAE04EC0-301F-11D3-BF4B-00C04F79EFBC}") = "JupiterToysTestAutomation", "JupiterToysTestAutomation.csproj", "{3E5FED7A-FF48-49E3-B919-39FEF536C04B}"
EndProject
Global
	GlobalSection(SolutionConfigurationPlatforms) = preSolution
		Debug|Any CPU = Debug|Any CPU
		Release|Any CPU = Release|Any CPU
	EndGlobalSection
	GlobalSection(ProjectConfigurationPlatforms) = postSolution
		{3E5FED7A-FF48-49E3-B919-39FEF536C04B}.Debug|Any CPU.ActiveCfg = Debug|Any CPU
		{3E5FED7A-FF48-49E3-B919-39FEF536C04B}.Debug|Any CPU.Build.0 = Debug|Any CPU
		{3E5FED7A-FF48-49E3-B919-39FEF536C04B}.Release|Any CPU.ActiveCfg = Release|Any CPU
		{3E5FED7A-FF48-49E3-B919-39FEF536C04B}.Release|Any CPU.Build.0 = Release|Any CPU
	EndGlobalSection
	GlobalSection(SolutionProperties) = preSolution
		HideSolutionNode = FALSE
	EndGlobalSection
	GlobalSection(ExtensibilityGlobals) = postSolution
		SolutionGuid = {7E700729-8D9E-4CB0-B4CA-2117F68042FA}
	EndGlobalSection
EndGlobal
